
Microsoft Visual Studio Solution File, Format Version 12.00
# Visual Studio Version 16
VisualStudioVersion = 16.0.31729.503
MinimumVisualStudioVersion = 10.0.40219.1
Project("{FAE04EC0-301F-11D3-BF4B-00C04F79EFBC}") = "AccountingPortal", "AccountingPortal\AccountingPortal.csproj", "{DE0D6C4D-6900-4ED4-A643-3A4BA6327DD0}"
EndProject
Global
	GlobalSection(SolutionConfigurationPlatforms) = preSolution
		Debug|Any CPU = Debug|Any CPU
		Release|Any CPU = Release|Any CPU
	EndGlobalSection
	GlobalSection(ProjectConfigurationPlatforms) = postSolution
		{DE0D6C4D-6900-4ED4-A643-3A4BA6327DD0}.Debug|Any CPU.ActiveCfg = Debug|Any CPU
		{DE0D6C4D-6900-4ED4-A643-3A4BA6327DD0}.Debug|Any CPU.Build.0 = Debug|Any CPU
		{DE0D6C4D-6900-4ED4-A643-3A4BA6327DD0}.Release|Any CPU.ActiveCfg = Release|Any CPU
		{DE0D6C4D-6900-4ED4-A643-3A4BA6327DD0}.Release|Any CPU.Build.0 = Release|Any CPU
	EndGlobalSection
	GlobalSection(SolutionProperties) = preSolution
		HideSolutionNode = FALSE
	EndGlobalSection
	GlobalSection(ExtensibilityGlobals) = postSolution
		SolutionGuid = {07A2C2DD-6611-46AD-857E-842BEBA906B2}
	EndGlobalSection
EndGlobal
